// !$*UTF8*$!
{
	archiveVersion = 1;
	classes = {
	};
	objectVersion = 77;
	objects = {

/* Begin PBXBuildFile section */
		D35500312E2C94A8009DE5BC /* Auth in Frameworks */ = {isa = PBXBuildFile; productRef = D35500302E2C94A8009DE5BC /* Auth */; };
		D35500332E2C94A8009DE5BC /* Functions in Frameworks */ = {isa = PBXBuildFile; productRef = D35500322E2C94A8009DE5BC /* Functions */; };
		D35500352E2C94A8009DE5BC /* PostgREST in Frameworks */ = {isa = PBXBuildFile; productRef = D35500342E2C94A8009DE5BC /* PostgREST */; };
		D35500372E2C94A8009DE5BC /* Realtime in Frameworks */ = {isa = PBXBuildFile; productRef = D35500362E2C94A8009DE5BC /* Realtime */; };
		D355FFD52E2C6C07009DE5BC /* FactoryKit in Frameworks */ = {isa = PBXBuildFile; productRef = D355FFD42E2C6C07009DE5BC /* FactoryKit */; };
/* End PBXBuildFile section */

/* Begin PBXContainerItemProxy section */
		D3A877222E27DAB300AD55E0 /* PBXContainerItemProxy */ = {
			isa = PBXContainerItemProxy;
			containerPortal = D3A8770B2E27DAB100AD55E0 /* Project object */;
			proxyType = 1;
			remoteGlobalIDString = D3A877122E27DAB100AD55E0;
			remoteInfo = Viinder;
		};
		D3A8772C2E27DAB300AD55E0 /* PBXContainerItemProxy */ = {
			isa = PBXContainerItemProxy;
			containerPortal = D3A8770B2E27DAB100AD55E0 /* Project object */;
			proxyType = 1;
			remoteGlobalIDString = D3A877122E27DAB100AD55E0;
			remoteInfo = Viinder;
		};
/* End PBXContainerItemProxy section */

/* Begin PBXFileReference section */
		D3A877132E27DAB200AD55E0 /* Viinder.app */ = {isa = PBXFileReference; explicitFileType = wrapper.application; includeInIndex = 0; path = Viinder.app; sourceTree = BUILT_PRODUCTS_DIR; };
		D3A877212E27DAB300AD55E0 /* ViinderTests.xctest */ = {isa = PBXFileReference; explicitFileType = wrapper.cfbundle; includeInIndex = 0; path = ViinderTests.xctest; sourceTree = BUILT_PRODUCTS_DIR; };
		D3A8772B2E27DAB300AD55E0 /* ViinderUITests.xctest */ = {isa = PBXFileReference; explicitFileType = wrapper.cfbundle; includeInIndex = 0; path = ViinderUITests.xctest; sourceTree = BUILT_PRODUCTS_DIR; };
/* End PBXFileReference section */

/* Begin PBXFileSystemSynchronizedBuildFileExceptionSet section */
		D3E995182E2B4791005A8AF8 /* Exceptions for "Viinder" folder in "Viinder" target */ = {
			isa = PBXFileSystemSynchronizedBuildFileExceptionSet;
			membershipExceptions = (
				Info.plist,
			);
			target = D3A877122E27DAB100AD55E0 /* Viinder */;
		};
/* End PBXFileSystemSynchronizedBuildFileExceptionSet section */

/* Begin PBXFileSystemSynchronizedRootGroup section */
		D3A877152E27DAB200AD55E0 /* Viinder */ = {
			isa = PBXFileSystemSynchronizedRootGroup;
			exceptions = (
				D3E995182E2B4791005A8AF8 /* Exceptions for "Viinder" folder in "Viinder" target */,
			);
			path = Viinder;
			sourceTree = "<group>";
		};
		D3A877242E27DAB300AD55E0 /* ViinderTests */ = {
			isa = PBXFileSystemSynchronizedRootGroup;
			path = ViinderTests;
			sourceTree = "<group>";
		};
		D3A8772E2E27DAB300AD55E0 /* ViinderUITests */ = {
			isa = PBXFileSystemSynchronizedRootGroup;
			path = ViinderUITests;
			sourceTree = "<group>";
		};
/* End PBXFileSystemSynchronizedRootGroup section */

/* Begin PBXFrameworksBuildPhase section */
		D3A877102E27DAB100AD55E0 /* Frameworks */ = {
			isa = PBXFrameworksBuildPhase;
			buildActionMask = 2147483647;
			files = (
				D35500352E2C94A8009DE5BC /* PostgREST in Frameworks */,
				D35500332E2C94A8009DE5BC /* Functions in Frameworks */,
				D35500312E2C94A8009DE5BC /* Auth in Frameworks */,
				D35500372E2C94A8009DE5BC /* Realtime in Frameworks */,
				D355FFD52E2C6C07009DE5BC /* FactoryKit in Frameworks */,
			);
			runOnlyForDeploymentPostprocessing = 0;
		};
		D3A8771E2E27DAB300AD55E0 /* Frameworks */ = {
			isa = PBXFrameworksBuildPhase;
			buildActionMask = 2147483647;
			files = (
			);
			runOnlyForDeploymentPostprocessing = 0;
		};
		D3A877282E27DAB300AD55E0 /* Frameworks */ = {
			isa = PBXFrameworksBuildPhase;
			buildActionMask = 2147483647;
			files = (
			);
			runOnlyForDeploymentPostprocessing = 0;
		};
/* End PBXFrameworksBuildPhase section */

/* Begin PBXGroup section */
		D3A8770A2E27DAB100AD55E0 = {
			isa = PBXGroup;
			children = (
				D3A877152E27DAB200AD55E0 /* Viinder */,
				D3A877242E27DAB300AD55E0 /* ViinderTests */,
				D3A8772E2E27DAB300AD55E0 /* ViinderUITests */,
				D3A877142E27DAB200AD55E0 /* Products */,
			);
			sourceTree = "<group>";
		};
		D3A877142E27DAB200AD55E0 /* Products */ = {
			isa = PBXGroup;
			children = (
				D3A877132E27DAB200AD55E0 /* Viinder.app */,
				D3A877212E27DAB300AD55E0 /* ViinderTests.xctest */,
				D3A8772B2E27DAB300AD55E0 /* ViinderUITests.xctest */,
			);
			name = Products;
			sourceTree = "<group>";
		};
/* End PBXGroup section */

/* Begin PBXNativeTarget section */
		D3A877122E27DAB100AD55E0 /* Viinder */ = {
			isa = PBXNativeTarget;
			buildConfigurationList = D3A877352E27DAB300AD55E0 /* Build configuration list for PBXNativeTarget "Viinder" */;
			buildPhases = (
				D3A8770F2E27DAB100AD55E0 /* Sources */,
				D3A877102E27DAB100AD55E0 /* Frameworks */,
				D3A877112E27DAB100AD55E0 /* Resources */,
			);
			buildRules = (
			);
			dependencies = (
			);
			fileSystemSynchronizedGroups = (
				D3A877152E27DAB200AD55E0 /* Viinder */,
			);
			name = Viinder;
			packageProductDependencies = (
				D355FFD42E2C6C07009DE5BC /* FactoryKit */,
				D35500302E2C94A8009DE5BC /* Auth */,
				D35500322E2C94A8009DE5BC /* Functions */,
				D35500342E2C94A8009DE5BC /* PostgREST */,
				D35500362E2C94A8009DE5BC /* Realtime */,
			);
			productName = Viinder;
			productReference = D3A877132E27DAB200AD55E0 /* Viinder.app */;
			productType = "com.apple.product-type.application";
		};
		D3A877202E27DAB300AD55E0 /* ViinderTests */ = {
			isa = PBXNativeTarget;
			buildConfigurationList = D3A877382E27DAB300AD55E0 /* Build configuration list for PBXNativeTarget "ViinderTests" */;
			buildPhases = (
				D3A8771D2E27DAB300AD55E0 /* Sources */,
				D3A8771E2E27DAB300AD55E0 /* Frameworks */,
				D3A8771F2E27DAB300AD55E0 /* Resources */,
			);
			buildRules = (
			);
			dependencies = (
				D3A877232E27DAB300AD55E0 /* PBXTargetDependency */,
			);
			fileSystemSynchronizedGroups = (
				D3A877242E27DAB300AD55E0 /* ViinderTests */,
			);
			name = ViinderTests;
			packageProductDependencies = (
			);
			productName = ViinderTests;
			productReference = D3A877212E27DAB300AD55E0 /* ViinderTests.xctest */;
			productType = "com.apple.product-type.bundle.unit-test";
		};
		D3A8772A2E27DAB300AD55E0 /* ViinderUITests */ = {
			isa = PBXNativeTarget;
			buildConfigurationList = D3A8773B2E27DAB300AD55E0 /* Build configuration list for PBXNativeTarget "ViinderUITests" */;
			buildPhases = (
				D3A877272E27DAB300AD55E0 /* Sources */,
				D3A877282E27DAB300AD55E0 /* Frameworks */,
				D3A877292E27DAB300AD55E0 /* Resources */,
			);
			buildRules = (
			);
			dependencies = (
				D3A8772D2E27DAB300AD55E0 /* PBXTargetDependency */,
			);
			fileSystemSynchronizedGroups = (
				D3A8772E2E27DAB300AD55E0 /* ViinderUITests */,
			);
			name = ViinderUITests;
			packageProductDependencies = (
			);
			productName = ViinderUITests;
			productReference = D3A8772B2E27DAB300AD55E0 /* ViinderUITests.xctest */;
			productType = "com.apple.product-type.bundle.ui-testing";
		};
/* End PBXNativeTarget section */

/* Begin PBXProject section */
		D3A8770B2E27DAB100AD55E0 /* Project object */ = {
			isa = PBXProject;
			attributes = {
				BuildIndependentTargetsInParallel = 1;
				LastSwiftUpdateCheck = 1640;
				LastUpgradeCheck = 1640;
				TargetAttributes = {
					D3A877122E27DAB100AD55E0 = {
						CreatedOnToolsVersion = 16.4;
					};
					D3A877202E27DAB300AD55E0 = {
						CreatedOnToolsVersion = 16.4;
						TestTargetID = D3A877122E27DAB100AD55E0;
					};
					D3A8772A2E27DAB300AD55E0 = {
						CreatedOnToolsVersion = 16.4;
						TestTargetID = D3A877122E27DAB100AD55E0;
					};
				};
			};
			buildConfigurationList = D3A8770E2E27DAB100AD55E0 /* Build configuration list for PBXProject "Viinder" */;
			developmentRegion = es;
			hasScannedForEncodings = 0;
			knownRegions = (
				en,
				Base,
				es,
			);
			mainGroup = D3A8770A2E27DAB100AD55E0;
			minimizedProjectReferenceProxies = 1;
			packageReferences = (
				D355FFD32E2C6C07009DE5BC /* XCRemoteSwiftPackageReference "Factory" */,
				D355002F2E2C94A8009DE5BC /* XCRemoteSwiftPackageReference "supabase-swift" */,
			);
			preferredProjectObjectVersion = 77;
			productRefGroup = D3A877142E27DAB200AD55E0 /* Products */;
			projectDirPath = "";
			projectRoot = "";
			targets = (
				D3A877122E27DAB100AD55E0 /* Viinder */,
				D3A877202E27DAB300AD55E0 /* ViinderTests */,
				D3A8772A2E27DAB300AD55E0 /* ViinderUITests */,
			);
		};
/* End PBXProject section */

/* Begin PBXResourcesBuildPhase section */
		D3A877112E27DAB100AD55E0 /* Resources */ = {
			isa = PBXResourcesBuildPhase;
			buildActionMask = 2147483647;
			files = (
			);
			runOnlyForDeploymentPostprocessing = 0;
		};
		D3A8771F2E27DAB300AD55E0 /* Resources */ = {
			isa = PBXResourcesBuildPhase;
			buildActionMask = 2147483647;
			files = (
			);
			runOnlyForDeploymentPostprocessing = 0;
		};
		D3A877292E27DAB300AD55E0 /* Resources */ = {
			isa = PBXResourcesBuildPhase;
			buildActionMask = 2147483647;
			files = (
			);
			runOnlyForDeploymentPostprocessing = 0;
		};
/* End PBXResourcesBuildPhase section */

/* Begin PBXSourcesBuildPhase section */
		D3A8770F2E27DAB100AD55E0 /* Sources */ = {
			isa = PBXSourcesBuildPhase;
			buildActionMask = 2147483647;
			files = (
			);
			runOnlyForDeploymentPostprocessing = 0;
		};
		D3A8771D2E27DAB300AD55E0 /* Sources */ = {
			isa = PBXSourcesBuildPhase;
			buildActionMask = 2147483647;
			files = (
			);
			runOnlyForDeploymentPostprocessing = 0;
		};
		D3A877272E27DAB300AD55E0 /* Sources */ = {
			isa = PBXSourcesBuildPhase;
			buildActionMask = 2147483647;
			files = (
			);
			runOnlyForDeploymentPostprocessing = 0;
		};
/* End PBXSourcesBuildPhase section */

/* Begin PBXTargetDependency section */
		D3A877232E27DAB300AD55E0 /* PBXTargetDependency */ = {
			isa = PBXTargetDependency;
			target = D3A877122E27DAB100AD55E0 /* Viinder */;
			targetProxy = D3A877222E27DAB300AD55E0 /* PBXContainerItemProxy */;
		};
		D3A8772D2E27DAB300AD55E0 /* PBXTargetDependency */ = {
			isa = PBXTargetDependency;
			target = D3A877122E27DAB100AD55E0 /* Viinder */;
			targetProxy = D3A8772C2E27DAB300AD55E0 /* PBXContainerItemProxy */;
		};
/* End PBXTargetDependency section */

/* Begin XCBuildConfiguration section */
		D3A877332E27DAB300AD55E0 /* Debug */ = {
			isa = XCBuildConfiguration;
			buildSettings = {
				ALWAYS_SEARCH_USER_PATHS = NO;
				ASSETCATALOG_COMPILER_GENERATE_SWIFT_ASSET_SYMBOL_EXTENSIONS = YES;
				CLANG_ANALYZER_NONNULL = YES;
				CLANG_ANALYZER_NUMBER_OBJECT_CONVERSION = YES_AGGRESSIVE;
				CLANG_CXX_LANGUAGE_STANDARD = "gnu++20";
				CLANG_ENABLE_MODULES = YES;
				CLANG_ENABLE_OBJC_ARC = YES;
				CLANG_ENABLE_OBJC_WEAK = YES;
				CLANG_WARN_BLOCK_CAPTURE_AUTORELEASING = YES;
				CLANG_WARN_BOOL_CONVERSION = YES;
				CLANG_WARN_COMMA = YES;
				CLANG_WARN_CONSTANT_CONVERSION = YES;
				CLANG_WARN_DEPRECATED_OBJC_IMPLEMENTATIONS = YES;
				CLANG_WARN_DIRECT_OBJC_ISA_USAGE = YES_ERROR;
				CLANG_WARN_DOCUMENTATION_COMMENTS = YES;
				CLANG_WARN_EMPTY_BODY = YES;
				CLANG_WARN_ENUM_CONVERSION = YES;
				CLANG_WARN_INFINITE_RECURSION = YES;
				CLANG_WARN_INT_CONVERSION = YES;
				CLANG_WARN_NON_LITERAL_NULL_CONVERSION = YES;
				CLANG_WARN_OBJC_IMPLICIT_RETAIN_SELF = YES;
				CLANG_WARN_OBJC_LITERAL_CONVERSION = YES;
				CLANG_WARN_OBJC_ROOT_CLASS = YES_ERROR;
				CLANG_WARN_QUOTED_INCLUDE_IN_FRAMEWORK_HEADER = YES;
				CLANG_WARN_RANGE_LOOP_ANALYSIS = YES;
				CLANG_WARN_STRICT_PROTOTYPES = YES;
				CLANG_WARN_SUSPICIOUS_MOVE = YES;
				CLANG_WARN_UNGUARDED_AVAILABILITY = YES_AGGRESSIVE;
				CLANG_WARN_UNREACHABLE_CODE = YES;
				CLANG_WARN__DUPLICATE_METHOD_MATCH = YES;
				COPY_PHASE_STRIP = NO;
				DEBUG_INFORMATION_FORMAT = dwarf;
				ENABLE_STRICT_OBJC_MSGSEND = YES;
				ENABLE_TESTABILITY = YES;
				ENABLE_USER_SCRIPT_SANDBOXING = YES;
				GCC_C_LANGUAGE_STANDARD = gnu17;
				GCC_DYNAMIC_NO_PIC = NO;
				GCC_NO_COMMON_BLOCKS = YES;
				GCC_OPTIMIZATION_LEVEL = 0;
				GCC_PREPROCESSOR_DEFINITIONS = (
					"DEBUG=1",
					"$(inherited)",
				);
				GCC_WARN_64_TO_32_BIT_CONVERSION = YES;
				GCC_WARN_ABOUT_RETURN_TYPE = YES_ERROR;
				GCC_WARN_UNDECLARED_SELECTOR = YES;
				GCC_WARN_UNINITIALIZED_AUTOS = YES_AGGRESSIVE;
				GCC_WARN_UNUSED_FUNCTION = YES;
				GCC_WARN_UNUSED_VARIABLE = YES;
				LOCALIZATION_PREFERS_STRING_CATALOGS = YES;
				MTL_ENABLE_DEBUG_INFO = INCLUDE_SOURCE;
				MTL_FAST_MATH = YES;
				ONLY_ACTIVE_ARCH = YES;
				SWIFT_ACTIVE_COMPILATION_CONDITIONS = "DEBUG $(inherited)";
				SWIFT_OPTIMIZATION_LEVEL = "-Onone";
			};
			name = Debug;
		};
		D3A877342E27DAB300AD55E0 /* Release */ = {
			isa = XCBuildConfiguration;
			buildSettings = {
				ALWAYS_SEARCH_USER_PATHS = NO;
				ASSETCATALOG_COMPILER_GENERATE_SWIFT_ASSET_SYMBOL_EXTENSIONS = YES;
				CLANG_ANALYZER_NONNULL = YES;
				CLANG_ANALYZER_NUMBER_OBJECT_CONVERSION = YES_AGGRESSIVE;
				CLANG_CXX_LANGUAGE_STANDARD = "gnu++20";
				CLANG_ENABLE_MODULES = YES;
				CLANG_ENABLE_OBJC_ARC = YES;
				CLANG_ENABLE_OBJC_WEAK = YES;
				CLANG_WARN_BLOCK_CAPTURE_AUTORELEASING = YES;
				CLANG_WARN_BOOL_CONVERSION = YES;
				CLANG_WARN_COMMA = YES;
				CLANG_WARN_CONSTANT_CONVERSION = YES;
				CLANG_WARN_DEPRECATED_OBJC_IMPLEMENTATIONS = YES;
				CLANG_WARN_DIRECT_OBJC_ISA_USAGE = YES_ERROR;
				CLANG_WARN_DOCUMENTATION_COMMENTS = YES;
				CLANG_WARN_EMPTY_BODY = YES;
				CLANG_WARN_ENUM_CONVERSION = YES;
				CLANG_WARN_INFINITE_RECURSION = YES;
				CLANG_WARN_INT_CONVERSION = YES;
				CLANG_WARN_NON_LITERAL_NULL_CONVERSION = YES;
				CLANG_WARN_OBJC_IMPLICIT_RETAIN_SELF = YES;
				CLANG_WARN_OBJC_LITERAL_CONVERSION = YES;
				CLANG_WARN_OBJC_ROOT_CLASS = YES_ERROR;
				CLANG_WARN_QUOTED_INCLUDE_IN_FRAMEWORK_HEADER = YES;
				CLANG_WARN_RANGE_LOOP_ANALYSIS = YES;
				CLANG_WARN_STRICT_PROTOTYPES = YES;
				CLANG_WARN_SUSPICIOUS_MOVE = YES;
				CLANG_WARN_UNGUARDED_AVAILABILITY = YES_AGGRESSIVE;
				CLANG_WARN_UNREACHABLE_CODE = YES;
				CLANG_WARN__DUPLICATE_METHOD_MATCH = YES;
				COPY_PHASE_STRIP = NO;
				DEBUG_INFORMATION_FORMAT = "dwarf-with-dsym";
				ENABLE_NS_ASSERTIONS = NO;
				ENABLE_STRICT_OBJC_MSGSEND = YES;
				ENABLE_USER_SCRIPT_SANDBOXING = YES;
				GCC_C_LANGUAGE_STANDARD = gnu17;
				GCC_NO_COMMON_BLOCKS = YES;
				GCC_WARN_64_TO_32_BIT_CONVERSION = YES;
				GCC_WARN_ABOUT_RETURN_TYPE = YES_ERROR;
				GCC_WARN_UNDECLARED_SELECTOR = YES;
				GCC_WARN_UNINITIALIZED_AUTOS = YES_AGGRESSIVE;
				GCC_WARN_UNUSED_FUNCTION = YES;
				GCC_WARN_UNUSED_VARIABLE = YES;
				LOCALIZATION_PREFERS_STRING_CATALOGS = YES;
				MTL_ENABLE_DEBUG_INFO = NO;
				MTL_FAST_MATH = YES;
				SWIFT_COMPILATION_MODE = wholemodule;
			};
			name = Release;
		};
		D3A877362E27DAB300AD55E0 /* Debug */ = {
			isa = XCBuildConfiguration;
			buildSettings = {
				ASSETCATALOG_COMPILER_APPICON_NAME = AppIcon;
				ASSETCATALOG_COMPILER_GLOBAL_ACCENT_COLOR_NAME = AccentColor;
				CODE_SIGN_ENTITLEMENTS = Viinder/Viinder.entitlements;
				CODE_SIGN_STYLE = Automatic;
				CURRENT_PROJECT_VERSION = 1;
				ENABLE_PREVIEWS = YES;
				GENERATE_INFOPLIST_FILE = YES;
				INFOPLIST_FILE = Viinder/Info.plist;
				INFOPLIST_KEY_UIApplicationSceneManifest_Generation = YES;
				"INFOPLIST_KEY_UIApplicationSceneManifest_Generation[sdk=iphoneos*]" = YES;
				"INFOPLIST_KEY_UIApplicationSceneManifest_Generation[sdk=iphonesimulator*]" = YES;
				INFOPLIST_KEY_UIApplicationSupportsIndirectInputEvents = YES;
				"INFOPLIST_KEY_UIApplicationSupportsIndirectInputEvents[sdk=iphoneos*]" = YES;
				"INFOPLIST_KEY_UIApplicationSupportsIndirectInputEvents[sdk=iphonesimulator*]" = YES;
				INFOPLIST_KEY_UILaunchScreen_Generation = YES;
				"INFOPLIST_KEY_UILaunchScreen_Generation[sdk=iphoneos*]" = YES;
				"INFOPLIST_KEY_UILaunchScreen_Generation[sdk=iphonesimulator*]" = YES;
				INFOPLIST_KEY_UIStatusBarStyle = UIStatusBarStyleDefault;
				"INFOPLIST_KEY_UIStatusBarStyle[sdk=iphoneos*]" = UIStatusBarStyleDefault;
				"INFOPLIST_KEY_UIStatusBarStyle[sdk=iphonesimulator*]" = UIStatusBarStyleDefault;
				INFOPLIST_KEY_UISupportedInterfaceOrientations_iPad = "UIInterfaceOrientationPortrait UIInterfaceOrientationPortraitUpsideDown UIInterfaceOrientationLandscapeLeft UIInterfaceOrientationLandscapeRight";
				INFOPLIST_KEY_UISupportedInterfaceOrientations_iPhone = "UIInterfaceOrientationPortrait UIInterfaceOrientationLandscapeLeft UIInterfaceOrientationLandscapeRight";
				IPHONEOS_DEPLOYMENT_TARGET = 18.5;
				LD_RUNPATH_SEARCH_PATHS = "@executable_path/Frameworks";
				"LD_RUNPATH_SEARCH_PATHS[sdk=macosx*]" = "@executable_path/../Frameworks";
				MACOSX_DEPLOYMENT_TARGET = 15.5;
				MARKETING_VERSION = 1.0;
				PRODUCT_BUNDLE_IDENTIFIER = com.mawiapps.Viinder;
				PRODUCT_NAME = "$(TARGET_NAME)";
				REGISTER_APP_GROUPS = YES;
				SDKROOT = iphoneos;
				SUPPORTED_PLATFORMS = "iphoneos iphonesimulator";
				SUPPORTS_MACCATALYST = NO;
				SWIFT_EMIT_LOC_STRINGS = YES;
				SWIFT_VERSION = 5.0;
				TARGETED_DEVICE_FAMILY = "1,2";
				XROS_DEPLOYMENT_TARGET = 2.5;
			};
			name = Debug;
		};
		D3A877372E27DAB300AD55E0 /* Release */ = {
			isa = XCBuildConfiguration;
			buildSettings = {
				ASSETCATALOG_COMPILER_APPICON_NAME = AppIcon;
				ASSETCATALOG_COMPILER_GLOBAL_ACCENT_COLOR_NAME = AccentColor;
				CODE_SIGN_ENTITLEMENTS = Viinder/Viinder.entitlements;
				CODE_SIGN_STYLE = Automatic;
				CURRENT_PROJECT_VERSION = 1;
				ENABLE_PREVIEWS = YES;
				GENERATE_INFOPLIST_FILE = YES;
				INFOPLIST_FILE = Viinder/Info.plist;
				INFOPLIST_KEY_UIApplicationSceneManifest_Generation = YES;
				"INFOPLIST_KEY_UIApplicationSceneManifest_Generation[sdk=iphoneos*]" = YES;
				"INFOPLIST_KEY_UIApplicationSceneManifest_Generation[sdk=iphonesimulator*]" = YES;
				INFOPLIST_KEY_UIApplicationSupportsIndirectInputEvents = YES;
				"INFOPLIST_KEY_UIApplicationSupportsIndirectInputEvents[sdk=iphoneos*]" = YES;
				"INFOPLIST_KEY_UIApplicationSupportsIndirectInputEvents[sdk=iphonesimulator*]" = YES;
				INFOPLIST_KEY_UILaunchScreen_Generation = YES;
				"INFOPLIST_KEY_UILaunchScreen_Generation[sdk=iphoneos*]" = YES;
				"INFOPLIST_KEY_UILaunchScreen_Generation[sdk=iphonesimulator*]" = YES;
				INFOPLIST_KEY_UIStatusBarStyle = UIStatusBarStyleDefault;
				"INFOPLIST_KEY_UIStatusBarStyle[sdk=iphoneos*]" = UIStatusBarStyleDefault;
				"INFOPLIST_KEY_UIStatusBarStyle[sdk=iphonesimulator*]" = UIStatusBarStyleDefault;
				INFOPLIST_KEY_UISupportedInterfaceOrientations_iPad = "UIInterfaceOrientationPortrait UIInterfaceOrientationPortraitUpsideDown UIInterfaceOrientationLandscapeLeft UIInterfaceOrientationLandscapeRight";
				INFOPLIST_KEY_UISupportedInterfaceOrientations_iPhone = "UIInterfaceOrientationPortrait UIInterfaceOrientationLandscapeLeft UIInterfaceOrientationLandscapeRight";
				IPHONEOS_DEPLOYMENT_TARGET = 18.5;
				LD_RUNPATH_SEARCH_PATHS = "@executable_path/Frameworks";
				"LD_RUNPATH_SEARCH_PATHS[sdk=macosx*]" = "@executable_path/../Frameworks";
				MACOSX_DEPLOYMENT_TARGET = 15.5;
				MARKETING_VERSION = 1.0;
				PRODUCT_BUNDLE_IDENTIFIER = com.mawiapps.Viinder;
				PRODUCT_NAME = "$(TARGET_NAME)";
				REGISTER_APP_GROUPS = YES;
				SDKROOT = iphoneos;
				SUPPORTED_PLATFORMS = "iphoneos iphonesimulator";
				SUPPORTS_MACCATALYST = NO;
				SWIFT_EMIT_LOC_STRINGS = YES;
				SWIFT_VERSION = 5.0;
				TARGETED_DEVICE_FAMILY = "1,2";
				XROS_DEPLOYMENT_TARGET = 2.5;
			};
			name = Release;
		};
		D3A877392E27DAB300AD55E0 /* Debug */ = {
			isa = XCBuildConfiguration;
			buildSettings = {
				BUNDLE_LOADER = "$(TEST_HOST)";
				CODE_SIGN_STYLE = Automatic;
				CURRENT_PROJECT_VERSION = 1;
				GENERATE_INFOPLIST_FILE = YES;
				IPHONEOS_DEPLOYMENT_TARGET = 18.5;
				MACOSX_DEPLOYMENT_TARGET = 15.5;
				MARKETING_VERSION = 1.0;
				PRODUCT_BUNDLE_IDENTIFIER = com.mawiapps.ViinderTests;
				PRODUCT_NAME = "$(TARGET_NAME)";
				SDKROOT = auto;
				SUPPORTED_PLATFORMS = "iphoneos iphonesimulator macosx xros xrsimulator";
				SWIFT_EMIT_LOC_STRINGS = NO;
				SWIFT_VERSION = 5.0;
				TARGETED_DEVICE_FAMILY = "1,2,7";
				TEST_HOST = "$(BUILT_PRODUCTS_DIR)/Viinder.app/$(BUNDLE_EXECUTABLE_FOLDER_PATH)/Viinder";
				XROS_DEPLOYMENT_TARGET = 2.5;
			};
			name = Debug;
		};
		D3A8773A2E27DAB300AD55E0 /* Release */ = {
			isa = XCBuildConfiguration;
			buildSettings = {
				BUNDLE_LOADER = "$(TEST_HOST)";
				CODE_SIGN_STYLE = Automatic;
				CURRENT_PROJECT_VERSION = 1;
				GENERATE_INFOPLIST_FILE = YES;
				IPHONEOS_DEPLOYMENT_TARGET = 18.5;
				MACOSX_DEPLOYMENT_TARGET = 15.5;
				MARKETING_VERSION = 1.0;
				PRODUCT_BUNDLE_IDENTIFIER = com.mawiapps.ViinderTests;
				PRODUCT_NAME = "$(TARGET_NAME)";
				SDKROOT = auto;
				SUPPORTED_PLATFORMS = "iphoneos iphonesimulator macosx xros xrsimulator";
				SWIFT_EMIT_LOC_STRINGS = NO;
				SWIFT_VERSION = 5.0;
				TARGETED_DEVICE_FAMILY = "1,2,7";
				TEST_HOST = "$(BUILT_PRODUCTS_DIR)/Viinder.app/$(BUNDLE_EXECUTABLE_FOLDER_PATH)/Viinder";
				XROS_DEPLOYMENT_TARGET = 2.5;
			};
			name = Release;
		};
		D3A8773C2E27DAB300AD55E0 /* Debug */ = {
			isa = XCBuildConfiguration;
			buildSettings = {
				CODE_SIGN_STYLE = Automatic;
				CURRENT_PROJECT_VERSION = 1;
				GENERATE_INFOPLIST_FILE = YES;
				IPHONEOS_DEPLOYMENT_TARGET = 18.5;
				MACOSX_DEPLOYMENT_TARGET = 15.5;
				MARKETING_VERSION = 1.0;
				PRODUCT_BUNDLE_IDENTIFIER = com.mawiapps.ViinderUITests;
				PRODUCT_NAME = "$(TARGET_NAME)";
				SDKROOT = auto;
				SUPPORTED_PLATFORMS = "iphoneos iphonesimulator macosx xros xrsimulator";
				SWIFT_EMIT_LOC_STRINGS = NO;
				SWIFT_VERSION = 5.0;
				TARGETED_DEVICE_FAMILY = "1,2,7";
				TEST_TARGET_NAME = Viinder;
				XROS_DEPLOYMENT_TARGET = 2.5;
			};
			name = Debug;
		};
		D3A8773D2E27DAB300AD55E0 /* Release */ = {
			isa = XCBuildConfiguration;
			buildSettings = {
				CODE_SIGN_STYLE = Automatic;
				CURRENT_PROJECT_VERSION = 1;
				GENERATE_INFOPLIST_FILE = YES;
				IPHONEOS_DEPLOYMENT_TARGET = 18.5;
				MACOSX_DEPLOYMENT_TARGET = 15.5;
				MARKETING_VERSION = 1.0;
				PRODUCT_BUNDLE_IDENTIFIER = com.mawiapps.ViinderUITests;
				PRODUCT_NAME = "$(TARGET_NAME)";
				SDKROOT = auto;
				SUPPORTED_PLATFORMS = "iphoneos iphonesimulator macosx xros xrsimulator";
				SWIFT_EMIT_LOC_STRINGS = NO;
				SWIFT_VERSION = 5.0;
				TARGETED_DEVICE_FAMILY = "1,2,7";
				TEST_TARGET_NAME = Viinder;
				XROS_DEPLOYMENT_TARGET = 2.5;
			};
			name = Release;
		};
/* End XCBuildConfiguration section */

/* Begin XCConfigurationList section */
		D3A8770E2E27DAB100AD55E0 /* Build configuration list for PBXProject "Viinder" */ = {
			isa = XCConfigurationList;
			buildConfigurations = (
				D3A877332E27DAB300AD55E0 /* Debug */,
				D3A877342E27DAB300AD55E0 /* Release */,
			);
			defaultConfigurationIsVisible = 0;
			defaultConfigurationName = Release;
		};
		D3A877352E27DAB300AD55E0 /* Build configuration list for PBXNativeTarget "Viinder" */ = {
			isa = XCConfigurationList;
			buildConfigurations = (
				D3A877362E27DAB300AD55E0 /* Debug */,
				D3A877372E27DAB300AD55E0 /* Release */,
			);
			defaultConfigurationIsVisible = 0;
			defaultConfigurationName = Release;
		};
		D3A877382E27DAB300AD55E0 /* Build configuration list for PBXNativeTarget "ViinderTests" */ = {
			isa = XCConfigurationList;
			buildConfigurations = (
				D3A877392E27DAB300AD55E0 /* Debug */,
				D3A8773A2E27DAB300AD55E0 /* Release */,
			);
			defaultConfigurationIsVisible = 0;
			defaultConfigurationName = Release;
		};
		D3A8773B2E27DAB300AD55E0 /* Build configuration list for PBXNativeTarget "ViinderUITests" */ = {
			isa = XCConfigurationList;
			buildConfigurations = (
				D3A8773C2E27DAB300AD55E0 /* Debug */,
				D3A8773D2E27DAB300AD55E0 /* Release */,
			);
			defaultConfigurationIsVisible = 0;
			defaultConfigurationName = Release;
		};
/* End XCConfigurationList section */

/* Begin XCRemoteSwiftPackageReference section */
		D355002F2E2C94A8009DE5BC /* XCRemoteSwiftPackageReference "supabase-swift" */ = {
			isa = XCRemoteSwiftPackageReference;
			repositoryURL = "https://github.com/supabase/supabase-swift.git";
			requirement = {
				kind = upToNextMajorVersion;
				minimumVersion = 2.5.1;
			};
		};
		D355FFD32E2C6C07009DE5BC /* XCRemoteSwiftPackageReference "Factory" */ = {
			isa = XCRemoteSwiftPackageReference;
			repositoryURL = "https://github.com/hmlongco/Factory.git";
			requirement = {
				kind = upToNextMajorVersion;
				minimumVersion = 2.5.3;
			};
		};
/* End XCRemoteSwiftPackageReference section */

/* Begin XCSwiftPackageProductDependency section */
		D35500302E2C94A8009DE5BC /* Auth */ = {
			isa = XCSwiftPackageProductDependency;
			package = D355002F2E2C94A8009DE5BC /* XCRemoteSwiftPackageReference "supabase-swift" */;
			productName = Auth;
		};
		D35500322E2C94A8009DE5BC /* Functions */ = {
			isa = XCSwiftPackageProductDependency;
			package = D355002F2E2C94A8009DE5BC /* XCRemoteSwiftPackageReference "supabase-swift" */;
			productName = Functions;
		};
		D35500342E2C94A8009DE5BC /* PostgREST */ = {
			isa = XCSwiftPackageProductDependency;
			package = D355002F2E2C94A8009DE5BC /* XCRemoteSwiftPackageReference "supabase-swift" */;
			productName = PostgREST;
		};
		D35500362E2C94A8009DE5BC /* Realtime */ = {
			isa = XCSwiftPackageProductDependency;
			package = D355002F2E2C94A8009DE5BC /* XCRemoteSwiftPackageReference "supabase-swift" */;
			productName = Realtime;
		};
		D355FFD42E2C6C07009DE5BC /* FactoryKit */ = {
			isa = XCSwiftPackageProductDependency;
			package = D355FFD32E2C6C07009DE5BC /* XCRemoteSwiftPackageReference "Factory" */;
			productName = FactoryKit;
		};
/* End XCSwiftPackageProductDependency section */
	};
	rootObject = D3A8770B2E27DAB100AD55E0 /* Project object */;
}
